// !$*UTF8*$!
{
	archiveVersion = 1;
	classes = {
	};
	objectVersion = 77;
	objects = {

/* Begin PBXBuildFile section */
		00E29878A6480C69338B2CB4 /* SaveManager.swift in Sources */ = {isa = PBXBuildFile; fileRef = 2CA0BADD1BD076C3421A7642 /* SaveManager.swift */; };
		09351E21B47FF86EF6A026AC /* Achievement.swift in Sources */ = {isa = PBXBuildFile; fileRef = A7BE3D0708186C31FD1439E0 /* Achievement.swift */; };
		0E34738095E3270E5B31952F /* IAPProduct.swift in Sources */ = {isa = PBXBuildFile; fileRef = 182014D5CB08333C8F91B968 /* IAPProduct.swift */; };
		0EF915C8504FB351EBC648EE /* GameViewModel.swift in Sources */ = {isa = PBXBuildFile; fileRef = A799D55A49241D21CCEA52F3 /* GameViewModel.swift */; };
		154ED22B5797F1111B2ED85E /* DailyStreakSystem.swift in Sources */ = {isa = PBXBuildFile; fileRef = 54B575B677372D934D11F4C8 /* DailyStreakSystem.swift */; };
		15802D9B60936424AF17B301 /* RuneStoreTests.swift in Sources */ = {isa = PBXBuildFile; fileRef = 4E18250F274BCEC89B02EF11 /* RuneStoreTests.swift */; };
		15986A20704065875F45FE11 /* OnboardingSystem.swift in Sources */ = {isa = PBXBuildFile; fileRef = 9146A6B1A231FA3371299827 /* OnboardingSystem.swift */; };
		183790EAA80841FFDF999C9B /* NumberFormattingTests.swift in Sources */ = {isa = PBXBuildFile; fileRef = B1B9EE3BC00533F6016F46E1 /* NumberFormattingTests.swift */; };
		18482F9CD0921CC1840609F4 /* RedeemCode.swift in Sources */ = {isa = PBXBuildFile; fileRef = 6A2B014BBA193687A6084D9F /* RedeemCode.swift */; };
		1DFBA7D68BB4AF4E34EA195F /* RuneDefinition.swift in Sources */ = {isa = PBXBuildFile; fileRef = 160DF0198DD0ABB320B2B8B9 /* RuneDefinition.swift */; };
		1E1025414E28A8625BE20DD9 /* ReviewPromptSystem.swift in Sources */ = {isa = PBXBuildFile; fileRef = 03463F5BE5D9791339E9A914 /* ReviewPromptSystem.swift */; };
		2388156E9505C27FB3956782 /* ContentView.swift in Sources */ = {isa = PBXBuildFile; fileRef = 9A10F64BBF3AE4F3B20A3C4B /* ContentView.swift */; };
		26C16D665A8886B2E8008BA2 /* GoogleMobileAds in Frameworks */ = {isa = PBXBuildFile; productRef = 2616D46675EC1B8CFA32FCEF /* GoogleMobileAds */; };
		26C421148AA2FF174AB5910A /* WorldSystem.swift in Sources */ = {isa = PBXBuildFile; fileRef = 00E444AB830DAFFF59CE5480 /* WorldSystem.swift */; };
		26FBCA8D7E4B1289001AF6C1 /* GameBalance.swift in Sources */ = {isa = PBXBuildFile; fileRef = C58064FEE4A7B0E3FD96D834 /* GameBalance.swift */; };
		283E0ABD92263388403A364B /* UpgradeStoreTests.swift in Sources */ = {isa = PBXBuildFile; fileRef = E18A0896ECC21EC4833B7340 /* UpgradeStoreTests.swift */; };
		2C1DBE8BFC070CC5C337AB1A /* DailyStreakSystemTests.swift in Sources */ = {isa = PBXBuildFile; fileRef = 32A99268C33FA4C38DD8B211 /* DailyStreakSystemTests.swift */; };
		2E68997AB1CDE603F27AD9EE /* DailyReward.swift in Sources */ = {isa = PBXBuildFile; fileRef = 7081E2503F71D0B4790301A7 /* DailyReward.swift */; };
		31A4DF71B0C2E51502CC4CD9 /* RebirthSystem.swift in Sources */ = {isa = PBXBuildFile; fileRef = CD4A7CB0ECD22071F278E647 /* RebirthSystem.swift */; };
		385640CAC69744E5DA3DF486 /* SoundManager.swift in Sources */ = {isa = PBXBuildFile; fileRef = 4F1D3AE977C368F1B7F475C6 /* SoundManager.swift */; };
		3ADAABF37B6870DF36306F7F /* AchievementStoreTests.swift in Sources */ = {isa = PBXBuildFile; fileRef = FCE25E8E740EB26C78AC0EED /* AchievementStoreTests.swift */; };
		3B0F4D3F6CF32BEAF4CAB058 /* NoobIncrementalApp.swift in Sources */ = {isa = PBXBuildFile; fileRef = A176DC510D4E504705C05D6E /* NoobIncrementalApp.swift */; };
		47022FDFD2A52769E090B07D /* GeneratorMilestoneSystem.swift in Sources */ = {isa = PBXBuildFile; fileRef = D51AF8145913BC8374F6B4D8 /* GeneratorMilestoneSystem.swift */; };
		4C53C3DF992E92B2B73B6666 /* RebirthSystemTests.swift in Sources */ = {isa = PBXBuildFile; fileRef = F5B3C57A6C63ED8BFA9AE459 /* RebirthSystemTests.swift */; };
		4DA6776A7B55D0607D887BC0 /* SaveManagerBackupTests.swift in Sources */ = {isa = PBXBuildFile; fileRef = 08042ADBAD173FBB5AF65CC6 /* SaveManagerBackupTests.swift */; };
		4ED4A2D18DD72D4C68B08532 /* AchievementStore.swift in Sources */ = {isa = PBXBuildFile; fileRef = E59BBB38C537C401B390BA2A /* AchievementStore.swift */; };
		4F7CCCAE9924B448023B2C05 /* OverworldView.swift in Sources */ = {isa = PBXBuildFile; fileRef = B612B7B59F4CE29F5DFD1D98 /* OverworldView.swift */; };
		5662F0BF7E9998E7746F8CC8 /* FormulasTests.swift in Sources */ = {isa = PBXBuildFile; fileRef = 9102C53B66EE95A238CE1C0D /* FormulasTests.swift */; };
		58C363AA5A0BD8B957A19B95 /* WorldDefinition.swift in Sources */ = {isa = PBXBuildFile; fileRef = EDFC94A3B23BFF987BB69B3C /* WorldDefinition.swift */; };
		5D1E78C87504AC80DA6510CD /* MinionSystemTests.swift in Sources */ = {isa = PBXBuildFile; fileRef = 9F90E01719EB5431EA35B938 /* MinionSystemTests.swift */; };
		5EA32FE7047CE1A8F4BA55AD /* OfflineProgress.swift in Sources */ = {isa = PBXBuildFile; fileRef = C5AB028C6D45BB3EE0AA1ABE /* OfflineProgress.swift */; };
		63A9A993FE47275EF310DFEC /* BoostSystemTests.swift in Sources */ = {isa = PBXBuildFile; fileRef = 0249C924F5337ED81C9733D4 /* BoostSystemTests.swift */; };
		69B535C577E981DADDD4A018 /* StationSheets.swift in Sources */ = {isa = PBXBuildFile; fileRef = B4B4F699817F2C6EFB9E6D86 /* StationSheets.swift */; };
		6FC7BF5BDF1502E276274D14 /* OfflineProgressTests.swift in Sources */ = {isa = PBXBuildFile; fileRef = 17A6DF5E50215E9B2048DADC /* OfflineProgressTests.swift */; };
		70C504122BF04C983B888DB5 /* GameLoop.swift in Sources */ = {isa = PBXBuildFile; fileRef = AF13B3804E62DA65AE06A1F4 /* GameLoop.swift */; };
		73F79AEC5B0056D6D72F0CB7 /* RewardedAdManager.swift in Sources */ = {isa = PBXBuildFile; fileRef = F530D937662570E1B748BD95 /* RewardedAdManager.swift */; };
		745313F31CDA4844A2D4FE3F /* SharedRowComponents.swift in Sources */ = {isa = PBXBuildFile; fileRef = 4DA66A8B7A6C1B79E57F7F6E /* SharedRowComponents.swift */; };
		75AA7525EFF84EA022E31A41 /* AdBoostSystemTests.swift in Sources */ = {isa = PBXBuildFile; fileRef = CCDF48CF0CC309DFEE2DF0C3 /* AdBoostSystemTests.swift */; };
		780C15320F83BD4132C3BDE5 /* GeneratorStoreTests.swift in Sources */ = {isa = PBXBuildFile; fileRef = EDFCA9BD2719FCF5AA254E72 /* GeneratorStoreTests.swift */; };
		790D4655D6456599DEE10327 /* GameCenterManager.swift in Sources */ = {isa = PBXBuildFile; fileRef = E351B575024F8F9F55D18F37 /* GameCenterManager.swift */; };
		7A975D28117F65FC7C9A5AB4 /* MilestoneSystemTests.swift in Sources */ = {isa = PBXBuildFile; fileRef = 70E4B7D9C6FD4E0A7258A4C6 /* MilestoneSystemTests.swift */; };
		81E1B483C93537F0DD5EBE50 /* ConfettiView.swift in Sources */ = {isa = PBXBuildFile; fileRef = 96EFC80C3F6D91160B7C4AC2 /* ConfettiView.swift */; };
		83319F619FF6000DF15DFE58 /* ShareSummaryTests.swift in Sources */ = {isa = PBXBuildFile; fileRef = 87C17984A246BD80DD460E38 /* ShareSummaryTests.swift */; };
		83C213142E2E00B2B1D706C5 /* RedeemCodeStoreTests.swift in Sources */ = {isa = PBXBuildFile; fileRef = A25ACC1DF21B323B8DEBD00F /* RedeemCodeStoreTests.swift */; };
		84A93CE002F19753FBA371D3 /* RedeemCodeStore.swift in Sources */ = {isa = PBXBuildFile; fileRef = 339213DC8553D38B91E3553A /* RedeemCodeStore.swift */; };
		8D2803565938F31C79A21CB4 /* GeneratorMilestoneSystemTests.swift in Sources */ = {isa = PBXBuildFile; fileRef = 6917D32E5994E8ECB31EB358 /* GeneratorMilestoneSystemTests.swift */; };
		8EF54F390B50CC2CC427862A /* Formulas.swift in Sources */ = {isa = PBXBuildFile; fileRef = BA2D00D4BA8BDA1B40A72EB7 /* Formulas.swift */; };
		90FF55CC043EAB85B5D77752 /* RebirthUpgradeStoreTests.swift in Sources */ = {isa = PBXBuildFile; fileRef = A1A5334149B8528D7DC2A4AD /* RebirthUpgradeStoreTests.swift */; };
		93399FAF8EDF0D0AFC9DF65C /* BoostSystem.swift in Sources */ = {isa = PBXBuildFile; fileRef = C4CD89245D4F148580E586A7 /* BoostSystem.swift */; };
		9402A07A6ED2AD9A72B59BD2 /* RebirthUpgradeStore.swift in Sources */ = {isa = PBXBuildFile; fileRef = 63F01DD25682182DD9350069 /* RebirthUpgradeStore.swift */; };
		9C04859A9F9AD0F15151F2B7 /* VirtualJoystickView.swift in Sources */ = {isa = PBXBuildFile; fileRef = DD43E97D103ACDCAB7FE1E7A /* VirtualJoystickView.swift */; };
		9FA032C71DB52C65A9502BC7 /* OfflineReminderManager.swift in Sources */ = {isa = PBXBuildFile; fileRef = AA46166D56613029AA9D816C /* OfflineReminderManager.swift */; };
		A0358655451A09E05D261A45 /* GameStateDecodingTests.swift in Sources */ = {isa = PBXBuildFile; fileRef = E90B32F6D8F465672160259B /* GameStateDecodingTests.swift */; };
		A347901CD1A41D6547EC7987 /* MinionSystem.swift in Sources */ = {isa = PBXBuildFile; fileRef = 16F1617C25BBC17994990ACA /* MinionSystem.swift */; };
		A65D3A7E310E9FDE9C920EE4 /* Assets.xcassets in Resources */ = {isa = PBXBuildFile; fileRef = E4B7BB345AAB314803A868CE /* Assets.xcassets */; };
		ACAAE70F345EC7F6C0750E48 /* MinionState.swift in Sources */ = {isa = PBXBuildFile; fileRef = 7D2E29CB1B6E4CC9B3A8C317 /* MinionState.swift */; };
		AE7AD251B20277C9746FA5EC /* ReviewPromptSystemTests.swift in Sources */ = {isa = PBXBuildFile; fileRef = 2E9E3B505C8C4AB150229CA1 /* ReviewPromptSystemTests.swift */; };
		B735E179606FF7ED03EC92CA /* IAPManager.swift in Sources */ = {isa = PBXBuildFile; fileRef = B3D39EBAFF6DF5EBF380AEC6 /* IAPManager.swift */; };
		B8AC0B69FB413DD03CAAAE74 /* GameState.swift in Sources */ = {isa = PBXBuildFile; fileRef = 10C14AD1238FC37E53805ECF /* GameState.swift */; };
		BBBCD93773FE41F97D4AEF53 /* UpgradeDefinition.swift in Sources */ = {isa = PBXBuildFile; fileRef = F13E6847D2D71E92B21BF9C2 /* UpgradeDefinition.swift */; };
		BE90EC6D4AB8EFF30652BEFD /* NumberFormatting.swift in Sources */ = {isa = PBXBuildFile; fileRef = 1616AA4F5E49D1A089625AC1 /* NumberFormatting.swift */; };
		BF2F95ED7470FDD6B857ABB7 /* AdBoostSystem.swift in Sources */ = {isa = PBXBuildFile; fileRef = B0B2EB3C206472485AE9F1A8 /* AdBoostSystem.swift */; };
		C1CC2F3F45260C7ABEF2FCA9 /* GamePassesView.swift in Sources */ = {isa = PBXBuildFile; fileRef = BC9F69F5EE4DB0CB8017A8A2 /* GamePassesView.swift */; };
		C256ACD485F0935656E20815 /* MinionDefinition.swift in Sources */ = {isa = PBXBuildFile; fileRef = 0AA191966A4F308D808D478F /* MinionDefinition.swift */; };
		C6D6C157D44844E41E80FF30 /* AdBoostTier.swift in Sources */ = {isa = PBXBuildFile; fileRef = 3A5D15538058B1DA10C4A6D5 /* AdBoostTier.swift */; };
		C8120884DA12BDB85C870E3E /* GameCenterSystem.swift in Sources */ = {isa = PBXBuildFile; fileRef = 6C56DBD0419B46ADE94106C9 /* GameCenterSystem.swift */; };
		CA34CD22AA380AF9298E7589 /* NoobFaceView.swift in Sources */ = {isa = PBXBuildFile; fileRef = C2D9ED406DD0557491410368 /* NoobFaceView.swift */; };
		CBD820B836C661E02BCAE38C /* ZoneLayout.swift in Sources */ = {isa = PBXBuildFile; fileRef = 2C3D5CEEBB33E0BF29D549C1 /* ZoneLayout.swift */; };
		CBFAF698C1DC698E3DD8AE30 /* IAPSystemTests.swift in Sources */ = {isa = PBXBuildFile; fileRef = 8C2D34A644C9CB7DD4AE7B08 /* IAPSystemTests.swift */; };
		CDFA142A60E72F35B51D6303 /* GeneratorStore.swift in Sources */ = {isa = PBXBuildFile; fileRef = 0428B2EB50771DBE1BA4CC4A /* GeneratorStore.swift */; };
		CE54B7F076646DD58CDE2503 /* GameLoopPassiveIncomeTests.swift in Sources */ = {isa = PBXBuildFile; fileRef = 0E1131683B10CC5CB75CA716 /* GameLoopPassiveIncomeTests.swift */; };
		D10ED26E35C36833B71BC778 /* WorldStation.swift in Sources */ = {isa = PBXBuildFile; fileRef = 21BDCEE547CA924FD376D2E5 /* WorldStation.swift */; };
		D61F7A43E3CC1FDE17D3CC5A /* WorldSystemTests.swift in Sources */ = {isa = PBXBuildFile; fileRef = 98BBD9F8D7888AF0AEF95417 /* WorldSystemTests.swift */; };
		DC2F0A34906BAACCDDB24709 /* GeneratorStationPopupView.swift in Sources */ = {isa = PBXBuildFile; fileRef = 5122287A366A865F35D09D3A /* GeneratorStationPopupView.swift */; };
		E0375D2ECAD7F70B8503FEB9 /* PlayerMovementSystem.swift in Sources */ = {isa = PBXBuildFile; fileRef = 1769356770810B1158EF58B9 /* PlayerMovementSystem.swift */; };
		E126A5AB62EE4CA58CAA5427 /* GeneratorDefinition.swift in Sources */ = {isa = PBXBuildFile; fileRef = 98E303E868D2D07673027F91 /* GeneratorDefinition.swift */; };
		E2680EA986B3C1B7A76EEC35 /* PlayerMovementSystemTests.swift in Sources */ = {isa = PBXBuildFile; fileRef = E480EE8C1D13AFFA21714AA4 /* PlayerMovementSystemTests.swift */; };
		E3E9256A44C551AB7F857E07 /* PrivacyInfo.xcprivacy in Resources */ = {isa = PBXBuildFile; fileRef = E37B9372F19D47069C143984 /* PrivacyInfo.xcprivacy */; };
		E7F3F6218BC45A35902F2903 /* GeneratorState.swift in Sources */ = {isa = PBXBuildFile; fileRef = 11D29D4C7990FC411B26A687 /* GeneratorState.swift */; };
		E9D6ED46465E8BDBD22428A3 /* RuneStore.swift in Sources */ = {isa = PBXBuildFile; fileRef = 267A418F4C2AFE77927BB3C8 /* RuneStore.swift */; };
		EB8C3B95DC20BB51D34ABE17 /* PlayerAvatarView.swift in Sources */ = {isa = PBXBuildFile; fileRef = 8D063BE011E055297A3341C4 /* PlayerAvatarView.swift */; };
		F0805055EBC86388F39E0EA6 /* GameCenterSystemTests.swift in Sources */ = {isa = PBXBuildFile; fileRef = 2E26BA92B8CC0DF2B59BBB27 /* GameCenterSystemTests.swift */; };
		F5951C5C5FD4FC62E555164A /* MilestoneSystem.swift in Sources */ = {isa = PBXBuildFile; fileRef = B46AAC80EE22DFD9DF50568A /* MilestoneSystem.swift */; };
		F5BC4086C34469E49AC93F43 /* IAPSystem.swift in Sources */ = {isa = PBXBuildFile; fileRef = 3997B6A86BAD5B359F2393EC /* IAPSystem.swift */; };
		F5EA6DDF21E0C4C2DEFDE3E6 /* OnboardingSystemTests.swift in Sources */ = {isa = PBXBuildFile; fileRef = B8D76D06754DBFE22CD1B15E /* OnboardingSystemTests.swift */; };
		F870BCFCBB605353EEA02EFD /* UpgradeStore.swift in Sources */ = {isa = PBXBuildFile; fileRef = BFC12A83B89E0907154AB583 /* UpgradeStore.swift */; };
		FD3CDA6A01EB499A0BABA45F /* ShareSummary.swift in Sources */ = {isa = PBXBuildFile; fileRef = 6A17F1B059184772E5BE9F20 /* ShareSummary.swift */; };
/* End PBXBuildFile section */

/* Begin PBXContainerItemProxy section */
		0B7733FA157AE0C3A615FD2F /* PBXContainerItemProxy */ = {
			isa = PBXContainerItemProxy;
			containerPortal = 83CFA362884C52E8088B9AD5 /* Project object */;
			proxyType = 1;
			remoteGlobalIDString = B35C6615DD7C8A2AADE78F29;
			remoteInfo = NoobIncremental;
		};
/* End PBXContainerItemProxy section */

/* Begin PBXFileReference section */
		00E444AB830DAFFF59CE5480 /* WorldSystem.swift */ = {isa = PBXFileReference; lastKnownFileType = sourcecode.swift; path = WorldSystem.swift; sourceTree = "<group>"; };
		0249C924F5337ED81C9733D4 /* BoostSystemTests.swift */ = {isa = PBXFileReference; lastKnownFileType = sourcecode.swift; path = BoostSystemTests.swift; sourceTree = "<group>"; };
		03463F5BE5D9791339E9A914 /* ReviewPromptSystem.swift */ = {isa = PBXFileReference; lastKnownFileType = sourcecode.swift; path = ReviewPromptSystem.swift; sourceTree = "<group>"; };
		0428B2EB50771DBE1BA4CC4A /* GeneratorStore.swift */ = {isa = PBXFileReference; lastKnownFileType = sourcecode.swift; path = GeneratorStore.swift; sourceTree = "<group>"; };
		08042ADBAD173FBB5AF65CC6 /* SaveManagerBackupTests.swift */ = {isa = PBXFileReference; lastKnownFileType = sourcecode.swift; path = SaveManagerBackupTests.swift; sourceTree = "<group>"; };
		0AA191966A4F308D808D478F /* MinionDefinition.swift */ = {isa = PBXFileReference; lastKnownFileType = sourcecode.swift; path = MinionDefinition.swift; sourceTree = "<group>"; };
		0E1131683B10CC5CB75CA716 /* GameLoopPassiveIncomeTests.swift */ = {isa = PBXFileReference; lastKnownFileType = sourcecode.swift; path = GameLoopPassiveIncomeTests.swift; sourceTree = "<group>"; };
		10107EDEDD2B1D4A7634B40A /* NoobIncremental.app */ = {isa = PBXFileReference; includeInIndex = 0; lastKnownFileType = wrapper.application; path = NoobIncremental.app; sourceTree = BUILT_PRODUCTS_DIR; };
		10C14AD1238FC37E53805ECF /* GameState.swift */ = {isa = PBXFileReference; lastKnownFileType = sourcecode.swift; path = GameState.swift; sourceTree = "<group>"; };
		11D29D4C7990FC411B26A687 /* GeneratorState.swift */ = {isa = PBXFileReference; lastKnownFileType = sourcecode.swift; path = GeneratorState.swift; sourceTree = "<group>"; };
		160DF0198DD0ABB320B2B8B9 /* RuneDefinition.swift */ = {isa = PBXFileReference; lastKnownFileType = sourcecode.swift; path = RuneDefinition.swift; sourceTree = "<group>"; };
		1616AA4F5E49D1A089625AC1 /* NumberFormatting.swift */ = {isa = PBXFileReference; lastKnownFileType = sourcecode.swift; path = NumberFormatting.swift; sourceTree = "<group>"; };
		16F1617C25BBC17994990ACA /* MinionSystem.swift */ = {isa = PBXFileReference; lastKnownFileType = sourcecode.swift; path = MinionSystem.swift; sourceTree = "<group>"; };
		1769356770810B1158EF58B9 /* PlayerMovementSystem.swift */ = {isa = PBXFileReference; lastKnownFileType = sourcecode.swift; path = PlayerMovementSystem.swift; sourceTree = "<group>"; };
		17A6DF5E50215E9B2048DADC /* OfflineProgressTests.swift */ = {isa = PBXFileReference; lastKnownFileType = sourcecode.swift; path = OfflineProgressTests.swift; sourceTree = "<group>"; };
		182014D5CB08333C8F91B968 /* IAPProduct.swift */ = {isa = PBXFileReference; lastKnownFileType = sourcecode.swift; path = IAPProduct.swift; sourceTree = "<group>"; };
		21BDCEE547CA924FD376D2E5 /* WorldStation.swift */ = {isa = PBXFileReference; lastKnownFileType = sourcecode.swift; path = WorldStation.swift; sourceTree = "<group>"; };
		267A418F4C2AFE77927BB3C8 /* RuneStore.swift */ = {isa = PBXFileReference; lastKnownFileType = sourcecode.swift; path = RuneStore.swift; sourceTree = "<group>"; };
		2C3D5CEEBB33E0BF29D549C1 /* ZoneLayout.swift */ = {isa = PBXFileReference; lastKnownFileType = sourcecode.swift; path = ZoneLayout.swift; sourceTree = "<group>"; };
		2CA0BADD1BD076C3421A7642 /* SaveManager.swift */ = {isa = PBXFileReference; lastKnownFileType = sourcecode.swift; path = SaveManager.swift; sourceTree = "<group>"; };
		2E26BA92B8CC0DF2B59BBB27 /* GameCenterSystemTests.swift */ = {isa = PBXFileReference; lastKnownFileType = sourcecode.swift; path = GameCenterSystemTests.swift; sourceTree = "<group>"; };
		2E9E3B505C8C4AB150229CA1 /* ReviewPromptSystemTests.swift */ = {isa = PBXFileReference; lastKnownFileType = sourcecode.swift; path = ReviewPromptSystemTests.swift; sourceTree = "<group>"; };
		32A99268C33FA4C38DD8B211 /* DailyStreakSystemTests.swift */ = {isa = PBXFileReference; lastKnownFileType = sourcecode.swift; path = DailyStreakSystemTests.swift; sourceTree = "<group>"; };
		339213DC8553D38B91E3553A /* RedeemCodeStore.swift */ = {isa = PBXFileReference; lastKnownFileType = sourcecode.swift; path = RedeemCodeStore.swift; sourceTree = "<group>"; };
		38C0BC7ED008689C0B4E76EF /* Info.plist */ = {isa = PBXFileReference; lastKnownFileType = text.plist; path = Info.plist; sourceTree = "<group>"; };
		3997B6A86BAD5B359F2393EC /* IAPSystem.swift */ = {isa = PBXFileReference; lastKnownFileType = sourcecode.swift; path = IAPSystem.swift; sourceTree = "<group>"; };
		3A5D15538058B1DA10C4A6D5 /* AdBoostTier.swift */ = {isa = PBXFileReference; lastKnownFileType = sourcecode.swift; path = AdBoostTier.swift; sourceTree = "<group>"; };
		4DA66A8B7A6C1B79E57F7F6E /* SharedRowComponents.swift */ = {isa = PBXFileReference; lastKnownFileType = sourcecode.swift; path = SharedRowComponents.swift; sourceTree = "<group>"; };
		4E18250F274BCEC89B02EF11 /* RuneStoreTests.swift */ = {isa = PBXFileReference; lastKnownFileType = sourcecode.swift; path = RuneStoreTests.swift; sourceTree = "<group>"; };
		4F1D3AE977C368F1B7F475C6 /* SoundManager.swift */ = {isa = PBXFileReference; lastKnownFileType = sourcecode.swift; path = SoundManager.swift; sourceTree = "<group>"; };
		5122287A366A865F35D09D3A /* GeneratorStationPopupView.swift */ = {isa = PBXFileReference; lastKnownFileType = sourcecode.swift; path = GeneratorStationPopupView.swift; sourceTree = "<group>"; };
		54B575B677372D934D11F4C8 /* DailyStreakSystem.swift */ = {isa = PBXFileReference; lastKnownFileType = sourcecode.swift; path = DailyStreakSystem.swift; sourceTree = "<group>"; };
		63F01DD25682182DD9350069 /* RebirthUpgradeStore.swift */ = {isa = PBXFileReference; lastKnownFileType = sourcecode.swift; path = RebirthUpgradeStore.swift; sourceTree = "<group>"; };
		6917D32E5994E8ECB31EB358 /* GeneratorMilestoneSystemTests.swift */ = {isa = PBXFileReference; lastKnownFileType = sourcecode.swift; path = GeneratorMilestoneSystemTests.swift; sourceTree = "<group>"; };
		6A17F1B059184772E5BE9F20 /* ShareSummary.swift */ = {isa = PBXFileReference; lastKnownFileType = sourcecode.swift; path = ShareSummary.swift; sourceTree = "<group>"; };
		6A2B014BBA193687A6084D9F /* RedeemCode.swift */ = {isa = PBXFileReference; lastKnownFileType = sourcecode.swift; path = RedeemCode.swift; sourceTree = "<group>"; };
		6C56DBD0419B46ADE94106C9 /* GameCenterSystem.swift */ = {isa = PBXFileReference; lastKnownFileType = sourcecode.swift; path = GameCenterSystem.swift; sourceTree = "<group>"; };
		7081E2503F71D0B4790301A7 /* DailyReward.swift */ = {isa = PBXFileReference; lastKnownFileType = sourcecode.swift; path = DailyReward.swift; sourceTree = "<group>"; };
		70E4B7D9C6FD4E0A7258A4C6 /* MilestoneSystemTests.swift */ = {isa = PBXFileReference; lastKnownFileType = sourcecode.swift; path = MilestoneSystemTests.swift; sourceTree = "<group>"; };
		7D2E29CB1B6E4CC9B3A8C317 /* MinionState.swift */ = {isa = PBXFileReference; lastKnownFileType = sourcecode.swift; path = MinionState.swift; sourceTree = "<group>"; };
		87C17984A246BD80DD460E38 /* ShareSummaryTests.swift */ = {isa = PBXFileReference; lastKnownFileType = sourcecode.swift; path = ShareSummaryTests.swift; sourceTree = "<group>"; };
		8C2D34A644C9CB7DD4AE7B08 /* IAPSystemTests.swift */ = {isa = PBXFileReference; lastKnownFileType = sourcecode.swift; path = IAPSystemTests.swift; sourceTree = "<group>"; };
		8D063BE011E055297A3341C4 /* PlayerAvatarView.swift */ = {isa = PBXFileReference; lastKnownFileType = sourcecode.swift; path = PlayerAvatarView.swift; sourceTree = "<group>"; };
		9102C53B66EE95A238CE1C0D /* FormulasTests.swift */ = {isa = PBXFileReference; lastKnownFileType = sourcecode.swift; path = FormulasTests.swift; sourceTree = "<group>"; };
		9146A6B1A231FA3371299827 /* OnboardingSystem.swift */ = {isa = PBXFileReference; lastKnownFileType = sourcecode.swift; path = OnboardingSystem.swift; sourceTree = "<group>"; };
		96EFC80C3F6D91160B7C4AC2 /* ConfettiView.swift */ = {isa = PBXFileReference; lastKnownFileType = sourcecode.swift; path = ConfettiView.swift; sourceTree = "<group>"; };
		98BBD9F8D7888AF0AEF95417 /* WorldSystemTests.swift */ = {isa = PBXFileReference; lastKnownFileType = sourcecode.swift; path = WorldSystemTests.swift; sourceTree = "<group>"; };
		98E303E868D2D07673027F91 /* GeneratorDefinition.swift */ = {isa = PBXFileReference; lastKnownFileType = sourcecode.swift; path = GeneratorDefinition.swift; sourceTree = "<group>"; };
		9A10F64BBF3AE4F3B20A3C4B /* ContentView.swift */ = {isa = PBXFileReference; lastKnownFileType = sourcecode.swift; path = ContentView.swift; sourceTree = "<group>"; };
		9F90E01719EB5431EA35B938 /* MinionSystemTests.swift */ = {isa = PBXFileReference; lastKnownFileType = sourcecode.swift; path = MinionSystemTests.swift; sourceTree = "<group>"; };
		A176DC510D4E504705C05D6E /* NoobIncrementalApp.swift */ = {isa = PBXFileReference; lastKnownFileType = sourcecode.swift; path = NoobIncrementalApp.swift; sourceTree = "<group>"; };
		A1A5334149B8528D7DC2A4AD /* RebirthUpgradeStoreTests.swift */ = {isa = PBXFileReference; lastKnownFileType = sourcecode.swift; path = RebirthUpgradeStoreTests.swift; sourceTree = "<group>"; };
		A25ACC1DF21B323B8DEBD00F /* RedeemCodeStoreTests.swift */ = {isa = PBXFileReference; lastKnownFileType = sourcecode.swift; path = RedeemCodeStoreTests.swift; sourceTree = "<group>"; };
		A799D55A49241D21CCEA52F3 /* GameViewModel.swift */ = {isa = PBXFileReference; lastKnownFileType = sourcecode.swift; path = GameViewModel.swift; sourceTree = "<group>"; };
		A7BE3D0708186C31FD1439E0 /* Achievement.swift */ = {isa = PBXFileReference; lastKnownFileType = sourcecode.swift; path = Achievement.swift; sourceTree = "<group>"; };
		AA46166D56613029AA9D816C /* OfflineReminderManager.swift */ = {isa = PBXFileReference; lastKnownFileType = sourcecode.swift; path = OfflineReminderManager.swift; sourceTree = "<group>"; };
		AF13B3804E62DA65AE06A1F4 /* GameLoop.swift */ = {isa = PBXFileReference; lastKnownFileType = sourcecode.swift; path = GameLoop.swift; sourceTree = "<group>"; };
		B0B2EB3C206472485AE9F1A8 /* AdBoostSystem.swift */ = {isa = PBXFileReference; lastKnownFileType = sourcecode.swift; path = AdBoostSystem.swift; sourceTree = "<group>"; };
		B1B9EE3BC00533F6016F46E1 /* NumberFormattingTests.swift */ = {isa = PBXFileReference; lastKnownFileType = sourcecode.swift; path = NumberFormattingTests.swift; sourceTree = "<group>"; };
		B3D39EBAFF6DF5EBF380AEC6 /* IAPManager.swift */ = {isa = PBXFileReference; lastKnownFileType = sourcecode.swift; path = IAPManager.swift; sourceTree = "<group>"; };
		B46AAC80EE22DFD9DF50568A /* MilestoneSystem.swift */ = {isa = PBXFileReference; lastKnownFileType = sourcecode.swift; path = MilestoneSystem.swift; sourceTree = "<group>"; };
		B4B4F699817F2C6EFB9E6D86 /* StationSheets.swift */ = {isa = PBXFileReference; lastKnownFileType = sourcecode.swift; path = StationSheets.swift; sourceTree = "<group>"; };
		B612B7B59F4CE29F5DFD1D98 /* OverworldView.swift */ = {isa = PBXFileReference; lastKnownFileType = sourcecode.swift; path = OverworldView.swift; sourceTree = "<group>"; };
		B8D76D06754DBFE22CD1B15E /* OnboardingSystemTests.swift */ = {isa = PBXFileReference; lastKnownFileType = sourcecode.swift; path = OnboardingSystemTests.swift; sourceTree = "<group>"; };
		BA2D00D4BA8BDA1B40A72EB7 /* Formulas.swift */ = {isa = PBXFileReference; lastKnownFileType = sourcecode.swift; path = Formulas.swift; sourceTree = "<group>"; };
		BC9F69F5EE4DB0CB8017A8A2 /* GamePassesView.swift */ = {isa = PBXFileReference; lastKnownFileType = sourcecode.swift; path = GamePassesView.swift; sourceTree = "<group>"; };
		BFC12A83B89E0907154AB583 /* UpgradeStore.swift */ = {isa = PBXFileReference; lastKnownFileType = sourcecode.swift; path = UpgradeStore.swift; sourceTree = "<group>"; };
		C2D9ED406DD0557491410368 /* NoobFaceView.swift */ = {isa = PBXFileReference; lastKnownFileType = sourcecode.swift; path = NoobFaceView.swift; sourceTree = "<group>"; };
		C4CD89245D4F148580E586A7 /* BoostSystem.swift */ = {isa = PBXFileReference; lastKnownFileType = sourcecode.swift; path = BoostSystem.swift; sourceTree = "<group>"; };
		C58064FEE4A7B0E3FD96D834 /* GameBalance.swift */ = {isa = PBXFileReference; lastKnownFileType = sourcecode.swift; path = GameBalance.swift; sourceTree = "<group>"; };
		C5AB028C6D45BB3EE0AA1ABE /* OfflineProgress.swift */ = {isa = PBXFileReference; lastKnownFileType = sourcecode.swift; path = OfflineProgress.swift; sourceTree = "<group>"; };
		CCDF48CF0CC309DFEE2DF0C3 /* AdBoostSystemTests.swift */ = {isa = PBXFileReference; lastKnownFileType = sourcecode.swift; path = AdBoostSystemTests.swift; sourceTree = "<group>"; };
		CD4A7CB0ECD22071F278E647 /* RebirthSystem.swift */ = {isa = PBXFileReference; lastKnownFileType = sourcecode.swift; path = RebirthSystem.swift; sourceTree = "<group>"; };
		D51AF8145913BC8374F6B4D8 /* GeneratorMilestoneSystem.swift */ = {isa = PBXFileReference; lastKnownFileType = sourcecode.swift; path = GeneratorMilestoneSystem.swift; sourceTree = "<group>"; };
		DD43E97D103ACDCAB7FE1E7A /* VirtualJoystickView.swift */ = {isa = PBXFileReference; lastKnownFileType = sourcecode.swift; path = VirtualJoystickView.swift; sourceTree = "<group>"; };
		E164BB617C986177AA688455 /* NoobIncrementalTests.xctest */ = {isa = PBXFileReference; includeInIndex = 0; lastKnownFileType = wrapper.cfbundle; path = NoobIncrementalTests.xctest; sourceTree = BUILT_PRODUCTS_DIR; };
		E18A0896ECC21EC4833B7340 /* UpgradeStoreTests.swift */ = {isa = PBXFileReference; lastKnownFileType = sourcecode.swift; path = UpgradeStoreTests.swift; sourceTree = "<group>"; };
		E351B575024F8F9F55D18F37 /* GameCenterManager.swift */ = {isa = PBXFileReference; lastKnownFileType = sourcecode.swift; path = GameCenterManager.swift; sourceTree = "<group>"; };
		E37B9372F19D47069C143984 /* PrivacyInfo.xcprivacy */ = {isa = PBXFileReference; path = PrivacyInfo.xcprivacy; sourceTree = "<group>"; };
		E480EE8C1D13AFFA21714AA4 /* PlayerMovementSystemTests.swift */ = {isa = PBXFileReference; lastKnownFileType = sourcecode.swift; path = PlayerMovementSystemTests.swift; sourceTree = "<group>"; };
		E4B7BB345AAB314803A868CE /* Assets.xcassets */ = {isa = PBXFileReference; lastKnownFileType = folder.assetcatalog; path = Assets.xcassets; sourceTree = "<group>"; };
		E59BBB38C537C401B390BA2A /* AchievementStore.swift */ = {isa = PBXFileReference; lastKnownFileType = sourcecode.swift; path = AchievementStore.swift; sourceTree = "<group>"; };
		E90B32F6D8F465672160259B /* GameStateDecodingTests.swift */ = {isa = PBXFileReference; lastKnownFileType = sourcecode.swift; path = GameStateDecodingTests.swift; sourceTree = "<group>"; };
		EDFC94A3B23BFF987BB69B3C /* WorldDefinition.swift */ = {isa = PBXFileReference; lastKnownFileType = sourcecode.swift; path = WorldDefinition.swift; sourceTree = "<group>"; };
		EDFCA9BD2719FCF5AA254E72 /* GeneratorStoreTests.swift */ = {isa = PBXFileReference; lastKnownFileType = sourcecode.swift; path = GeneratorStoreTests.swift; sourceTree = "<group>"; };
		F13E6847D2D71E92B21BF9C2 /* UpgradeDefinition.swift */ = {isa = PBXFileReference; lastKnownFileType = sourcecode.swift; path = UpgradeDefinition.swift; sourceTree = "<group>"; };
		F530D937662570E1B748BD95 /* RewardedAdManager.swift */ = {isa = PBXFileReference; lastKnownFileType = sourcecode.swift; path = RewardedAdManager.swift; sourceTree = "<group>"; };
		F5B3C57A6C63ED8BFA9AE459 /* RebirthSystemTests.swift */ = {isa = PBXFileReference; lastKnownFileType = sourcecode.swift; path = RebirthSystemTests.swift; sourceTree = "<group>"; };
		FCE25E8E740EB26C78AC0EED /* AchievementStoreTests.swift */ = {isa = PBXFileReference; lastKnownFileType = sourcecode.swift; path = AchievementStoreTests.swift; sourceTree = "<group>"; };
/* End PBXFileReference section */

/* Begin PBXFrameworksBuildPhase section */
		6A003E92982C9834EF93A75F /* Frameworks */ = {
			isa = PBXFrameworksBuildPhase;
			buildActionMask = 2147483647;
			files = (
				26C16D665A8886B2E8008BA2 /* GoogleMobileAds in Frameworks */,
			);
			runOnlyForDeploymentPostprocessing = 0;
		};
/* End PBXFrameworksBuildPhase section */

/* Begin PBXGroup section */
		084105AB773B28050B3088DC /* Sources */ = {
			isa = PBXGroup;
			children = (
				A4357CDF48759767B843216E /* NoobIncremental */,
			);
			path = Sources;
			sourceTree = "<group>";
		};
		31FBB9B7C226BE4FACD66608 /* Products */ = {
			isa = PBXGroup;
			children = (
				10107EDEDD2B1D4A7634B40A /* NoobIncremental.app */,
				E164BB617C986177AA688455 /* NoobIncrementalTests.xctest */,
			);
			name = Products;
			sourceTree = "<group>";
		};
		4672B40B717861522EA84E76 /* App */ = {
			isa = PBXGroup;
			children = (
				A176DC510D4E504705C05D6E /* NoobIncrementalApp.swift */,
			);
			path = App;
			sourceTree = "<group>";
		};
		520555A0E0D7957CE570FE8E /* Resources */ = {
			isa = PBXGroup;
			children = (
				E4B7BB345AAB314803A868CE /* Assets.xcassets */,
			);
			path = Resources;
			sourceTree = "<group>";
		};
		7908D4913A98B6ED38CA22C3 /* ViewModels */ = {
			isa = PBXGroup;
			children = (
				A799D55A49241D21CCEA52F3 /* GameViewModel.swift */,
			);
			path = ViewModels;
			sourceTree = "<group>";
		};
		82D356A9DC676E5E49AB32A5 /* Models */ = {
			isa = PBXGroup;
			children = (
				A7BE3D0708186C31FD1439E0 /* Achievement.swift */,
				3A5D15538058B1DA10C4A6D5 /* AdBoostTier.swift */,
				7081E2503F71D0B4790301A7 /* DailyReward.swift */,
				C58064FEE4A7B0E3FD96D834 /* GameBalance.swift */,
				10C14AD1238FC37E53805ECF /* GameState.swift */,
				98E303E868D2D07673027F91 /* GeneratorDefinition.swift */,
				11D29D4C7990FC411B26A687 /* GeneratorState.swift */,
				182014D5CB08333C8F91B968 /* IAPProduct.swift */,
				0AA191966A4F308D808D478F /* MinionDefinition.swift */,
				7D2E29CB1B6E4CC9B3A8C317 /* MinionState.swift */,
				6A2B014BBA193687A6084D9F /* RedeemCode.swift */,
				160DF0198DD0ABB320B2B8B9 /* RuneDefinition.swift */,
				F13E6847D2D71E92B21BF9C2 /* UpgradeDefinition.swift */,
				EDFC94A3B23BFF987BB69B3C /* WorldDefinition.swift */,
				21BDCEE547CA924FD376D2E5 /* WorldStation.swift */,
				2C3D5CEEBB33E0BF29D549C1 /* ZoneLayout.swift */,
			);
			path = Models;
			sourceTree = "<group>";
		};
		A4357CDF48759767B843216E /* NoobIncremental */ = {
			isa = PBXGroup;
			children = (
				38C0BC7ED008689C0B4E76EF /* Info.plist */,
				E37B9372F19D47069C143984 /* PrivacyInfo.xcprivacy */,
				4672B40B717861522EA84E76 /* App */,
				82D356A9DC676E5E49AB32A5 /* Models */,
				EC5D04DFB133A4666541EF55 /* Persistence */,
				520555A0E0D7957CE570FE8E /* Resources */,
				DEAF03C688DDF2603D666C50 /* Systems */,
				7908D4913A98B6ED38CA22C3 /* ViewModels */,
				ED4F3891E72491FA11D55186 /* Views */,
			);
			path = NoobIncremental;
			sourceTree = "<group>";
		};
		BEFB26D8D2B9739A11B0F822 /* Tests */ = {
			isa = PBXGroup;
			children = (
				CF2CFD0F742BCC83C81DA80E /* NoobIncrementalTests */,
			);
			path = Tests;
			sourceTree = "<group>";
		};
		C14C4D34240F09ABBF18310F = {
			isa = PBXGroup;
			children = (
				084105AB773B28050B3088DC /* Sources */,
				BEFB26D8D2B9739A11B0F822 /* Tests */,
				31FBB9B7C226BE4FACD66608 /* Products */,
			);
			sourceTree = "<group>";
		};
		CF2CFD0F742BCC83C81DA80E /* NoobIncrementalTests */ = {
			isa = PBXGroup;
			children = (
				FCE25E8E740EB26C78AC0EED /* AchievementStoreTests.swift */,
				CCDF48CF0CC309DFEE2DF0C3 /* AdBoostSystemTests.swift */,
				0249C924F5337ED81C9733D4 /* BoostSystemTests.swift */,
				32A99268C33FA4C38DD8B211 /* DailyStreakSystemTests.swift */,
				9102C53B66EE95A238CE1C0D /* FormulasTests.swift */,
				2E26BA92B8CC0DF2B59BBB27 /* GameCenterSystemTests.swift */,
				0E1131683B10CC5CB75CA716 /* GameLoopPassiveIncomeTests.swift */,
				E90B32F6D8F465672160259B /* GameStateDecodingTests.swift */,
				6917D32E5994E8ECB31EB358 /* GeneratorMilestoneSystemTests.swift */,
				EDFCA9BD2719FCF5AA254E72 /* GeneratorStoreTests.swift */,
				8C2D34A644C9CB7DD4AE7B08 /* IAPSystemTests.swift */,
				70E4B7D9C6FD4E0A7258A4C6 /* MilestoneSystemTests.swift */,
				9F90E01719EB5431EA35B938 /* MinionSystemTests.swift */,
				B1B9EE3BC00533F6016F46E1 /* NumberFormattingTests.swift */,
				17A6DF5E50215E9B2048DADC /* OfflineProgressTests.swift */,
				B8D76D06754DBFE22CD1B15E /* OnboardingSystemTests.swift */,
				E480EE8C1D13AFFA21714AA4 /* PlayerMovementSystemTests.swift */,
				F5B3C57A6C63ED8BFA9AE459 /* RebirthSystemTests.swift */,
				A1A5334149B8528D7DC2A4AD /* RebirthUpgradeStoreTests.swift */,
				A25ACC1DF21B323B8DEBD00F /* RedeemCodeStoreTests.swift */,
				2E9E3B505C8C4AB150229CA1 /* ReviewPromptSystemTests.swift */,
				4E18250F274BCEC89B02EF11 /* RuneStoreTests.swift */,
				08042ADBAD173FBB5AF65CC6 /* SaveManagerBackupTests.swift */,
				87C17984A246BD80DD460E38 /* ShareSummaryTests.swift */,
				E18A0896ECC21EC4833B7340 /* UpgradeStoreTests.swift */,
				98BBD9F8D7888AF0AEF95417 /* WorldSystemTests.swift */,
			);
			path = NoobIncrementalTests;
			sourceTree = "<group>";
		};
		DEAF03C688DDF2603D666C50 /* Systems */ = {
			isa = PBXGroup;
			children = (
				E59BBB38C537C401B390BA2A /* AchievementStore.swift */,
				B0B2EB3C206472485AE9F1A8 /* AdBoostSystem.swift */,
				C4CD89245D4F148580E586A7 /* BoostSystem.swift */,
				54B575B677372D934D11F4C8 /* DailyStreakSystem.swift */,
				BA2D00D4BA8BDA1B40A72EB7 /* Formulas.swift */,
				E351B575024F8F9F55D18F37 /* GameCenterManager.swift */,
				6C56DBD0419B46ADE94106C9 /* GameCenterSystem.swift */,
				AF13B3804E62DA65AE06A1F4 /* GameLoop.swift */,
				D51AF8145913BC8374F6B4D8 /* GeneratorMilestoneSystem.swift */,
				0428B2EB50771DBE1BA4CC4A /* GeneratorStore.swift */,
				B3D39EBAFF6DF5EBF380AEC6 /* IAPManager.swift */,
				3997B6A86BAD5B359F2393EC /* IAPSystem.swift */,
				B46AAC80EE22DFD9DF50568A /* MilestoneSystem.swift */,
				16F1617C25BBC17994990ACA /* MinionSystem.swift */,
				1616AA4F5E49D1A089625AC1 /* NumberFormatting.swift */,
				C5AB028C6D45BB3EE0AA1ABE /* OfflineProgress.swift */,
				AA46166D56613029AA9D816C /* OfflineReminderManager.swift */,
				9146A6B1A231FA3371299827 /* OnboardingSystem.swift */,
				1769356770810B1158EF58B9 /* PlayerMovementSystem.swift */,
				CD4A7CB0ECD22071F278E647 /* RebirthSystem.swift */,
				63F01DD25682182DD9350069 /* RebirthUpgradeStore.swift */,
				339213DC8553D38B91E3553A /* RedeemCodeStore.swift */,
				03463F5BE5D9791339E9A914 /* ReviewPromptSystem.swift */,
				F530D937662570E1B748BD95 /* RewardedAdManager.swift */,
				267A418F4C2AFE77927BB3C8 /* RuneStore.swift */,
				6A17F1B059184772E5BE9F20 /* ShareSummary.swift */,
				4F1D3AE977C368F1B7F475C6 /* SoundManager.swift */,
				BFC12A83B89E0907154AB583 /* UpgradeStore.swift */,
				00E444AB830DAFFF59CE5480 /* WorldSystem.swift */,
			);
			path = Systems;
			sourceTree = "<group>";
		};
		EC5D04DFB133A4666541EF55 /* Persistence */ = {
			isa = PBXGroup;
			children = (
				2CA0BADD1BD076C3421A7642 /* SaveManager.swift */,
			);
			path = Persistence;
			sourceTree = "<group>";
		};
		ED4F3891E72491FA11D55186 /* Views */ = {
			isa = PBXGroup;
			children = (
				96EFC80C3F6D91160B7C4AC2 /* ConfettiView.swift */,
				9A10F64BBF3AE4F3B20A3C4B /* ContentView.swift */,
				BC9F69F5EE4DB0CB8017A8A2 /* GamePassesView.swift */,
				5122287A366A865F35D09D3A /* GeneratorStationPopupView.swift */,
				C2D9ED406DD0557491410368 /* NoobFaceView.swift */,
				B612B7B59F4CE29F5DFD1D98 /* OverworldView.swift */,
				8D063BE011E055297A3341C4 /* PlayerAvatarView.swift */,
				4DA66A8B7A6C1B79E57F7F6E /* SharedRowComponents.swift */,
				B4B4F699817F2C6EFB9E6D86 /* StationSheets.swift */,
				DD43E97D103ACDCAB7FE1E7A /* VirtualJoystickView.swift */,
			);
			path = Views;
			sourceTree = "<group>";
		};
/* End PBXGroup section */

/* Begin PBXNativeTarget section */
		9C8EED9827B70FF3A3B41646 /* NoobIncrementalTests */ = {
			isa = PBXNativeTarget;
			buildConfigurationList = 59688AD346D5F5553EFEA12C /* Build configuration list for PBXNativeTarget "NoobIncrementalTests" */;
			buildPhases = (
				20F5CD953B345F37EC37A69A /* Sources */,
			);
			buildRules = (
			);
			dependencies = (
				5E4D95167C6646F09AC114B3 /* PBXTargetDependency */,
			);
			name = NoobIncrementalTests;
			packageProductDependencies = (
			);
			productName = NoobIncrementalTests;
			productReference = E164BB617C986177AA688455 /* NoobIncrementalTests.xctest */;
			productType = "com.apple.product-type.bundle.unit-test";
		};
		B35C6615DD7C8A2AADE78F29 /* NoobIncremental */ = {
			isa = PBXNativeTarget;
			buildConfigurationList = A6B2034BEC152854F4588F63 /* Build configuration list for PBXNativeTarget "NoobIncremental" */;
			buildPhases = (
				119AD32AD97F12F385AAC818 /* Sources */,
				B2F8D294FE5CFB6571642D70 /* Resources */,
				6A003E92982C9834EF93A75F /* Frameworks */,
			);
			buildRules = (
			);
			dependencies = (
			);
			name = NoobIncremental;
			packageProductDependencies = (
				2616D46675EC1B8CFA32FCEF /* GoogleMobileAds */,
			);
			productName = NoobIncremental;
			productReference = 10107EDEDD2B1D4A7634B40A /* NoobIncremental.app */;
			productType = "com.apple.product-type.application";
		};
/* End PBXNativeTarget section */

/* Begin PBXProject section */
		83CFA362884C52E8088B9AD5 /* Project object */ = {
			isa = PBXProject;
			attributes = {
				BuildIndependentTargetsInParallel = YES;
				LastUpgradeCheck = 1430;
				TargetAttributes = {
				};
			};
			buildConfigurationList = CF3CBF06D5C443232B94625D /* Build configuration list for PBXProject "NoobIncremental" */;
			developmentRegion = en;
			hasScannedForEncodings = 0;
			knownRegions = (
				Base,
				en,
			);
			mainGroup = C14C4D34240F09ABBF18310F;
			minimizedProjectReferenceProxies = 1;
			packageReferences = (
				9654DF71A87340B34B8D0EE9 /* XCRemoteSwiftPackageReference "swift-package-manager-google-mobile-ads" */,
			);
			preferredProjectObjectVersion = 77;
			productRefGroup = 31FBB9B7C226BE4FACD66608 /* Products */;
			projectDirPath = "";
			projectRoot = "";
			targets = (
				B35C6615DD7C8A2AADE78F29 /* NoobIncremental */,
				9C8EED9827B70FF3A3B41646 /* NoobIncrementalTests */,
			);
		};
/* End PBXProject section */

/* Begin PBXResourcesBuildPhase section */
		B2F8D294FE5CFB6571642D70 /* Resources */ = {
			isa = PBXResourcesBuildPhase;
			buildActionMask = 2147483647;
			files = (
				A65D3A7E310E9FDE9C920EE4 /* Assets.xcassets in Resources */,
				E3E9256A44C551AB7F857E07 /* PrivacyInfo.xcprivacy in Resources */,
			);
			runOnlyForDeploymentPostprocessing = 0;
		};
/* End PBXResourcesBuildPhase section */

/* Begin PBXSourcesBuildPhase section */
		119AD32AD97F12F385AAC818 /* Sources */ = {
			isa = PBXSourcesBuildPhase;
			buildActionMask = 2147483647;
			files = (
				09351E21B47FF86EF6A026AC /* Achievement.swift in Sources */,
				4ED4A2D18DD72D4C68B08532 /* AchievementStore.swift in Sources */,
				BF2F95ED7470FDD6B857ABB7 /* AdBoostSystem.swift in Sources */,
				C6D6C157D44844E41E80FF30 /* AdBoostTier.swift in Sources */,
				93399FAF8EDF0D0AFC9DF65C /* BoostSystem.swift in Sources */,
				81E1B483C93537F0DD5EBE50 /* ConfettiView.swift in Sources */,
				2388156E9505C27FB3956782 /* ContentView.swift in Sources */,
				2E68997AB1CDE603F27AD9EE /* DailyReward.swift in Sources */,
				154ED22B5797F1111B2ED85E /* DailyStreakSystem.swift in Sources */,
				8EF54F390B50CC2CC427862A /* Formulas.swift in Sources */,
				26FBCA8D7E4B1289001AF6C1 /* GameBalance.swift in Sources */,
				790D4655D6456599DEE10327 /* GameCenterManager.swift in Sources */,
				C8120884DA12BDB85C870E3E /* GameCenterSystem.swift in Sources */,
				70C504122BF04C983B888DB5 /* GameLoop.swift in Sources */,
				C1CC2F3F45260C7ABEF2FCA9 /* GamePassesView.swift in Sources */,
				B8AC0B69FB413DD03CAAAE74 /* GameState.swift in Sources */,
				0EF915C8504FB351EBC648EE /* GameViewModel.swift in Sources */,
				E126A5AB62EE4CA58CAA5427 /* GeneratorDefinition.swift in Sources */,
				47022FDFD2A52769E090B07D /* GeneratorMilestoneSystem.swift in Sources */,
				E7F3F6218BC45A35902F2903 /* GeneratorState.swift in Sources */,
				DC2F0A34906BAACCDDB24709 /* GeneratorStationPopupView.swift in Sources */,
				CDFA142A60E72F35B51D6303 /* GeneratorStore.swift in Sources */,
				B735E179606FF7ED03EC92CA /* IAPManager.swift in Sources */,
				0E34738095E3270E5B31952F /* IAPProduct.swift in Sources */,
				F5BC4086C34469E49AC93F43 /* IAPSystem.swift in Sources */,
				F5951C5C5FD4FC62E555164A /* MilestoneSystem.swift in Sources */,
				C256ACD485F0935656E20815 /* MinionDefinition.swift in Sources */,
				ACAAE70F345EC7F6C0750E48 /* MinionState.swift in Sources */,
				A347901CD1A41D6547EC7987 /* MinionSystem.swift in Sources */,
				CA34CD22AA380AF9298E7589 /* NoobFaceView.swift in Sources */,
				3B0F4D3F6CF32BEAF4CAB058 /* NoobIncrementalApp.swift in Sources */,
				BE90EC6D4AB8EFF30652BEFD /* NumberFormatting.swift in Sources */,
				5EA32FE7047CE1A8F4BA55AD /* OfflineProgress.swift in Sources */,
				9FA032C71DB52C65A9502BC7 /* OfflineReminderManager.swift in Sources */,
				15986A20704065875F45FE11 /* OnboardingSystem.swift in Sources */,
				4F7CCCAE9924B448023B2C05 /* OverworldView.swift in Sources */,
				EB8C3B95DC20BB51D34ABE17 /* PlayerAvatarView.swift in Sources */,
				E0375D2ECAD7F70B8503FEB9 /* PlayerMovementSystem.swift in Sources */,
				31A4DF71B0C2E51502CC4CD9 /* RebirthSystem.swift in Sources */,
				9402A07A6ED2AD9A72B59BD2 /* RebirthUpgradeStore.swift in Sources */,
				18482F9CD0921CC1840609F4 /* RedeemCode.swift in Sources */,
				84A93CE002F19753FBA371D3 /* RedeemCodeStore.swift in Sources */,
				1E1025414E28A8625BE20DD9 /* ReviewPromptSystem.swift in Sources */,
				73F79AEC5B0056D6D72F0CB7 /* RewardedAdManager.swift in Sources */,
				1DFBA7D68BB4AF4E34EA195F /* RuneDefinition.swift in Sources */,
				E9D6ED46465E8BDBD22428A3 /* RuneStore.swift in Sources */,
				00E29878A6480C69338B2CB4 /* SaveManager.swift in Sources */,
				FD3CDA6A01EB499A0BABA45F /* ShareSummary.swift in Sources */,
				745313F31CDA4844A2D4FE3F /* SharedRowComponents.swift in Sources */,
				385640CAC69744E5DA3DF486 /* SoundManager.swift in Sources */,
				69B535C577E981DADDD4A018 /* StationSheets.swift in Sources */,
				BBBCD93773FE41F97D4AEF53 /* UpgradeDefinition.swift in Sources */,
				F870BCFCBB605353EEA02EFD /* UpgradeStore.swift in Sources */,
				9C04859A9F9AD0F15151F2B7 /* VirtualJoystickView.swift in Sources */,
				58C363AA5A0BD8B957A19B95 /* WorldDefinition.swift in Sources */,
				D10ED26E35C36833B71BC778 /* WorldStation.swift in Sources */,
				26C421148AA2FF174AB5910A /* WorldSystem.swift in Sources */,
				CBD820B836C661E02BCAE38C /* ZoneLayout.swift in Sources */,
			);
			runOnlyForDeploymentPostprocessing = 0;
		};
		20F5CD953B345F37EC37A69A /* Sources */ = {
			isa = PBXSourcesBuildPhase;
			buildActionMask = 2147483647;
			files = (
				3ADAABF37B6870DF36306F7F /* AchievementStoreTests.swift in Sources */,
				75AA7525EFF84EA022E31A41 /* AdBoostSystemTests.swift in Sources */,
				63A9A993FE47275EF310DFEC /* BoostSystemTests.swift in Sources */,
				2C1DBE8BFC070CC5C337AB1A /* DailyStreakSystemTests.swift in Sources */,
				5662F0BF7E9998E7746F8CC8 /* FormulasTests.swift in Sources */,
				F0805055EBC86388F39E0EA6 /* GameCenterSystemTests.swift in Sources */,
				CE54B7F076646DD58CDE2503 /* GameLoopPassiveIncomeTests.swift in Sources */,
				A0358655451A09E05D261A45 /* GameStateDecodingTests.swift in Sources */,
				8D2803565938F31C79A21CB4 /* GeneratorMilestoneSystemTests.swift in Sources */,
				780C15320F83BD4132C3BDE5 /* GeneratorStoreTests.swift in Sources */,
				CBFAF698C1DC698E3DD8AE30 /* IAPSystemTests.swift in Sources */,
				7A975D28117F65FC7C9A5AB4 /* MilestoneSystemTests.swift in Sources */,
				5D1E78C87504AC80DA6510CD /* MinionSystemTests.swift in Sources */,
				183790EAA80841FFDF999C9B /* NumberFormattingTests.swift in Sources */,
				6FC7BF5BDF1502E276274D14 /* OfflineProgressTests.swift in Sources */,
				F5EA6DDF21E0C4C2DEFDE3E6 /* OnboardingSystemTests.swift in Sources */,
				E2680EA986B3C1B7A76EEC35 /* PlayerMovementSystemTests.swift in Sources */,
				4C53C3DF992E92B2B73B6666 /* RebirthSystemTests.swift in Sources */,
				90FF55CC043EAB85B5D77752 /* RebirthUpgradeStoreTests.swift in Sources */,
				83C213142E2E00B2B1D706C5 /* RedeemCodeStoreTests.swift in Sources */,
				AE7AD251B20277C9746FA5EC /* ReviewPromptSystemTests.swift in Sources */,
				15802D9B60936424AF17B301 /* RuneStoreTests.swift in Sources */,
				4DA6776A7B55D0607D887BC0 /* SaveManagerBackupTests.swift in Sources */,
				83319F619FF6000DF15DFE58 /* ShareSummaryTests.swift in Sources */,
				283E0ABD92263388403A364B /* UpgradeStoreTests.swift in Sources */,
				D61F7A43E3CC1FDE17D3CC5A /* WorldSystemTests.swift in Sources */,
			);
			runOnlyForDeploymentPostprocessing = 0;
		};
/* End PBXSourcesBuildPhase section */

/* Begin PBXTargetDependency section */
		5E4D95167C6646F09AC114B3 /* PBXTargetDependency */ = {
			isa = PBXTargetDependency;
			target = B35C6615DD7C8A2AADE78F29 /* NoobIncremental */;
			targetProxy = 0B7733FA157AE0C3A615FD2F /* PBXContainerItemProxy */;
		};
/* End PBXTargetDependency section */

/* Begin XCBuildConfiguration section */
		0AC498CF76EB15D40C3A6217 /* Debug */ = {
			isa = XCBuildConfiguration;
			buildSettings = {
				ALWAYS_SEARCH_USER_PATHS = NO;
				CLANG_ANALYZER_NONNULL = YES;
				CLANG_ANALYZER_NUMBER_OBJECT_CONVERSION = YES_AGGRESSIVE;
				CLANG_CXX_LANGUAGE_STANDARD = "gnu++14";
				CLANG_CXX_LIBRARY = "libc++";
				CLANG_ENABLE_MODULES = YES;
				CLANG_ENABLE_OBJC_ARC = YES;
				CLANG_ENABLE_OBJC_WEAK = YES;
				CLANG_WARN_BLOCK_CAPTURE_AUTORELEASING = YES;
				CLANG_WARN_BOOL_CONVERSION = YES;
				CLANG_WARN_COMMA = YES;
				CLANG_WARN_CONSTANT_CONVERSION = YES;
				CLANG_WARN_DEPRECATED_OBJC_IMPLEMENTATIONS = YES;
				CLANG_WARN_DIRECT_OBJC_ISA_USAGE = YES_ERROR;
				CLANG_WARN_DOCUMENTATION_COMMENTS = YES;
				CLANG_WARN_EMPTY_BODY = YES;
				CLANG_WARN_ENUM_CONVERSION = YES;
				CLANG_WARN_INFINITE_RECURSION = YES;
				CLANG_WARN_INT_CONVERSION = YES;
				CLANG_WARN_NON_LITERAL_NULL_CONVERSION = YES;
				CLANG_WARN_OBJC_IMPLICIT_RETAIN_SELF = YES;
				CLANG_WARN_OBJC_LITERAL_CONVERSION = YES;
				CLANG_WARN_OBJC_ROOT_CLASS = YES_ERROR;
				CLANG_WARN_QUOTED_INCLUDE_IN_FRAMEWORK_HEADER = YES;
				CLANG_WARN_RANGE_LOOP_ANALYSIS = YES;
				CLANG_WARN_STRICT_PROTOTYPES = YES;
				CLANG_WARN_SUSPICIOUS_MOVE = YES;
				CLANG_WARN_UNGUARDED_AVAILABILITY = YES_AGGRESSIVE;
				CLANG_WARN_UNREACHABLE_CODE = YES;
				CLANG_WARN__DUPLICATE_METHOD_MATCH = YES;
				COPY_PHASE_STRIP = NO;
				DEBUG_INFORMATION_FORMAT = dwarf;
				ENABLE_STRICT_OBJC_MSGSEND = YES;
				ENABLE_TESTABILITY = YES;
				GCC_C_LANGUAGE_STANDARD = gnu11;
				GCC_DYNAMIC_NO_PIC = NO;
				GCC_NO_COMMON_BLOCKS = YES;
				GCC_OPTIMIZATION_LEVEL = 0;
				GCC_PREPROCESSOR_DEFINITIONS = (
					"$(inherited)",
					"DEBUG=1",
				);
				GCC_WARN_64_TO_32_BIT_CONVERSION = YES;
				GCC_WARN_ABOUT_RETURN_TYPE = YES_ERROR;
				GCC_WARN_UNDECLARED_SELECTOR = YES;
				GCC_WARN_UNINITIALIZED_AUTOS = YES_AGGRESSIVE;
				GCC_WARN_UNUSED_FUNCTION = YES;
				GCC_WARN_UNUSED_VARIABLE = YES;
				IPHONEOS_DEPLOYMENT_TARGET = 17.0;
				MTL_ENABLE_DEBUG_INFO = INCLUDE_SOURCE;
				MTL_FAST_MATH = YES;
				ONLY_ACTIVE_ARCH = YES;
				PRODUCT_NAME = "$(TARGET_NAME)";
				SDKROOT = iphoneos;
				SWIFT_ACTIVE_COMPILATION_CONDITIONS = DEBUG;
				SWIFT_OPTIMIZATION_LEVEL = "-Onone";
				SWIFT_VERSION = 5.0;
			};
			name = Debug;
		};
		1EDCF675C1BEC8AB0909FF56 /* Release */ = {
			isa = XCBuildConfiguration;
			buildSettings = {
				BUNDLE_LOADER = "$(TEST_HOST)";
				GENERATE_INFOPLIST_FILE = YES;
				LD_RUNPATH_SEARCH_PATHS = (
					"$(inherited)",
					"@executable_path/Frameworks",
					"@loader_path/Frameworks",
				);
				PRODUCT_BUNDLE_IDENTIFIER = com.taragod.noobincremental.NoobIncrementalTests;
				SDKROOT = iphoneos;
				SWIFT_VERSION = 5.0;
				TARGETED_DEVICE_FAMILY = "1,2";
				TEST_HOST = "$(BUILT_PRODUCTS_DIR)/NoobIncremental.app/NoobIncremental";
			};
			name = Release;
		};
		58B7E33E53EE44F6BDD20BDA /* Debug */ = {
			isa = XCBuildConfiguration;
			buildSettings = {
				ASSETCATALOG_COMPILER_APPICON_NAME = AppIcon;
				CODE_SIGN_IDENTITY = "iPhone Developer";
				CURRENT_PROJECT_VERSION = 1;
				GENERATE_INFOPLIST_FILE = NO;
				INFOPLIST_FILE = Sources/NoobIncremental/Info.plist;
				LD_RUNPATH_SEARCH_PATHS = (
					"$(inherited)",
					"@executable_path/Frameworks",
				);
				MARKETING_VERSION = 1.0;
				PRODUCT_BUNDLE_IDENTIFIER = com.taragod.noobincremental;
				SDKROOT = iphoneos;
				SWIFT_VERSION = 5.0;
				TARGETED_DEVICE_FAMILY = 1;
			};
			name = Debug;
		};
		9E49C163431D26ECB2268EB8 /* Release */ = {
			isa = XCBuildConfiguration;
			buildSettings = {
				ASSETCATALOG_COMPILER_APPICON_NAME = AppIcon;
				CODE_SIGN_IDENTITY = "iPhone Developer";
				CURRENT_PROJECT_VERSION = 1;
				GENERATE_INFOPLIST_FILE = NO;
				INFOPLIST_FILE = Sources/NoobIncremental/Info.plist;
				LD_RUNPATH_SEARCH_PATHS = (
					"$(inherited)",
					"@executable_path/Frameworks",
				);
				MARKETING_VERSION = 1.0;
				PRODUCT_BUNDLE_IDENTIFIER = com.taragod.noobincremental;
				SDKROOT = iphoneos;
				SWIFT_VERSION = 5.0;
				TARGETED_DEVICE_FAMILY = 1;
			};
			name = Release;
		};
		A762B97117E30ECD0DCE299C /* Release */ = {
			isa = XCBuildConfiguration;
			buildSettings = {
				ALWAYS_SEARCH_USER_PATHS = NO;
				CLANG_ANALYZER_NONNULL = YES;
				CLANG_ANALYZER_NUMBER_OBJECT_CONVERSION = YES_AGGRESSIVE;
				CLANG_CXX_LANGUAGE_STANDARD = "gnu++14";
				CLANG_CXX_LIBRARY = "libc++";
				CLANG_ENABLE_MODULES = YES;
				CLANG_ENABLE_OBJC_ARC = YES;
				CLANG_ENABLE_OBJC_WEAK = YES;
				CLANG_WARN_BLOCK_CAPTURE_AUTORELEASING = YES;
				CLANG_WARN_BOOL_CONVERSION = YES;
				CLANG_WARN_COMMA = YES;
				CLANG_WARN_CONSTANT_CONVERSION = YES;
				CLANG_WARN_DEPRECATED_OBJC_IMPLEMENTATIONS = YES;
				CLANG_WARN_DIRECT_OBJC_ISA_USAGE = YES_ERROR;
				CLANG_WARN_DOCUMENTATION_COMMENTS = YES;
				CLANG_WARN_EMPTY_BODY = YES;
				CLANG_WARN_ENUM_CONVERSION = YES;
				CLANG_WARN_INFINITE_RECURSION = YES;
				CLANG_WARN_INT_CONVERSION = YES;
				CLANG_WARN_NON_LITERAL_NULL_CONVERSION = YES;
				CLANG_WARN_OBJC_IMPLICIT_RETAIN_SELF = YES;
				CLANG_WARN_OBJC_LITERAL_CONVERSION = YES;
				CLANG_WARN_OBJC_ROOT_CLASS = YES_ERROR;
				CLANG_WARN_QUOTED_INCLUDE_IN_FRAMEWORK_HEADER = YES;
				CLANG_WARN_RANGE_LOOP_ANALYSIS = YES;
				CLANG_WARN_STRICT_PROTOTYPES = YES;
				CLANG_WARN_SUSPICIOUS_MOVE = YES;
				CLANG_WARN_UNGUARDED_AVAILABILITY = YES_AGGRESSIVE;
				CLANG_WARN_UNREACHABLE_CODE = YES;
				CLANG_WARN__DUPLICATE_METHOD_MATCH = YES;
				COPY_PHASE_STRIP = NO;
				DEBUG_INFORMATION_FORMAT = "dwarf-with-dsym";
				ENABLE_NS_ASSERTIONS = NO;
				ENABLE_STRICT_OBJC_MSGSEND = YES;
				GCC_C_LANGUAGE_STANDARD = gnu11;
				GCC_NO_COMMON_BLOCKS = YES;
				GCC_WARN_64_TO_32_BIT_CONVERSION = YES;
				GCC_WARN_ABOUT_RETURN_TYPE = YES_ERROR;
				GCC_WARN_UNDECLARED_SELECTOR = YES;
				GCC_WARN_UNINITIALIZED_AUTOS = YES_AGGRESSIVE;
				GCC_WARN_UNUSED_FUNCTION = YES;
				GCC_WARN_UNUSED_VARIABLE = YES;
				IPHONEOS_DEPLOYMENT_TARGET = 17.0;
				MTL_ENABLE_DEBUG_INFO = NO;
				MTL_FAST_MATH = YES;
				PRODUCT_NAME = "$(TARGET_NAME)";
				SDKROOT = iphoneos;
				SWIFT_COMPILATION_MODE = wholemodule;
				SWIFT_OPTIMIZATION_LEVEL = "-O";
				SWIFT_VERSION = 5.0;
			};
			name = Release;
		};
		D5BC49B5E4A09B8E93769C0D /* Debug */ = {
			isa = XCBuildConfiguration;
			buildSettings = {
				BUNDLE_LOADER = "$(TEST_HOST)";
				GENERATE_INFOPLIST_FILE = YES;
				LD_RUNPATH_SEARCH_PATHS = (
					"$(inherited)",
					"@executable_path/Frameworks",
					"@loader_path/Frameworks",
				);
				PRODUCT_BUNDLE_IDENTIFIER = com.taragod.noobincremental.NoobIncrementalTests;
				SDKROOT = iphoneos;
				SWIFT_VERSION = 5.0;
				TARGETED_DEVICE_FAMILY = "1,2";
				TEST_HOST = "$(BUILT_PRODUCTS_DIR)/NoobIncremental.app/NoobIncremental";
			};
			name = Debug;
		};
/* End XCBuildConfiguration section */

/* Begin XCConfigurationList section */
		59688AD346D5F5553EFEA12C /* Build configuration list for PBXNativeTarget "NoobIncrementalTests" */ = {
			isa = XCConfigurationList;
			buildConfigurations = (
				D5BC49B5E4A09B8E93769C0D /* Debug */,
				1EDCF675C1BEC8AB0909FF56 /* Release */,
			);
			defaultConfigurationIsVisible = 0;
			defaultConfigurationName = Debug;
		};
		A6B2034BEC152854F4588F63 /* Build configuration list for PBXNativeTarget "NoobIncremental" */ = {
			isa = XCConfigurationList;
			buildConfigurations = (
				58B7E33E53EE44F6BDD20BDA /* Debug */,
				9E49C163431D26ECB2268EB8 /* Release */,
			);
			defaultConfigurationIsVisible = 0;
			defaultConfigurationName = Debug;
		};
		CF3CBF06D5C443232B94625D /* Build configuration list for PBXProject "NoobIncremental" */ = {
			isa = XCConfigurationList;
			buildConfigurations = (
				0AC498CF76EB15D40C3A6217 /* Debug */,
				A762B97117E30ECD0DCE299C /* Release */,
			);
			defaultConfigurationIsVisible = 0;
			defaultConfigurationName = Debug;
		};
/* End XCConfigurationList section */

/* Begin XCRemoteSwiftPackageReference section */
		9654DF71A87340B34B8D0EE9 /* XCRemoteSwiftPackageReference "swift-package-manager-google-mobile-ads" */ = {
			isa = XCRemoteSwiftPackageReference;
			repositoryURL = "https://github.com/googleads/swift-package-manager-google-mobile-ads.git";
			requirement = {
				kind = upToNextMajorVersion;
				minimumVersion = 13.0.0;
			};
		};
/* End XCRemoteSwiftPackageReference section */

/* Begin XCSwiftPackageProductDependency section */
		2616D46675EC1B8CFA32FCEF /* GoogleMobileAds */ = {
			isa = XCSwiftPackageProductDependency;
			package = 9654DF71A87340B34B8D0EE9 /* XCRemoteSwiftPackageReference "swift-package-manager-google-mobile-ads" */;
			productName = GoogleMobileAds;
		};
/* End XCSwiftPackageProductDependency section */
	};
	rootObject = 83CFA362884C52E8088B9AD5 /* Project object */;
}
